
Microsoft Visual Studio Solution File, Format Version 12.00
# Visual Studio Version 16
VisualStudioVersion = 16.0.29613.14
MinimumVisualStudioVersion = 10.0.40219.1
Project("{FAE04EC0-301F-11D3-BF4B-00C04F79EFBC}") = "JaegerSampleApi", "JaegerSampleApi\JaegerSampleApi.csproj", "{FC4884FB-D52E-467F-A0C0-02DB07ABD984}"
EndProject
Global
	GlobalSection(SolutionConfigurationPlatforms) = preSolution
		Debug|Any CPU = Debug|Any CPU
		Release|Any CPU = Release|Any CPU
	EndGlobalSection
	GlobalSection(ProjectConfigurationPlatforms) = postSolution
		{FC4884FB-D52E-467F-A0C0-02DB07ABD984}.Debug|Any CPU.ActiveCfg = Debug|Any CPU
		{FC4884FB-D52E-467F-A0C0-02DB07ABD984}.Debug|Any CPU.Build.0 = Debug|Any CPU
		{FC4884FB-D52E-467F-A0C0-02DB07ABD984}.Release|Any CPU.ActiveCfg = Release|Any CPU
		{FC4884FB-D52E-467F-A0C0-02DB07ABD984}.Release|Any CPU.Build.0 = Release|Any CPU
	EndGlobalSection
	GlobalSection(SolutionProperties) = preSolution
		HideSolutionNode = FALSE
	EndGlobalSection
	GlobalSection(ExtensibilityGlobals) = postSolution
		SolutionGuid = {8882B3FA-7782-42D9-AE09-FEB3BB050974}
	EndGlobalSection
EndGlobal
